# This file is automatically @generated by Cargo.
# It is not intended for manual editing.
[[package]]
name = "bytes"
version = "0.5.6"
source = "registry+https://github.com/rust-lang/crates.io-index"
checksum = "0e4cec68f03f32e44924783795810fa50a7035d8c8ebe78580ad7e6c703fba38"

[[package]]
name = "combine"
version = "4.3.2"
source = "registry+https://github.com/rust-lang/crates.io-index"
checksum = "2809f67365382d65fd2b6d9c22577231b954ed27400efeafbe687bda75abcc0b"
dependencies = [
 "bytes",
 "memchr",
 "pin-project-lite",
]

[[package]]
name = "darling"
version = "0.10.2"
source = "registry+https://github.com/rust-lang/crates.io-index"
checksum = "0d706e75d87e35569db781a9b5e2416cff1236a47ed380831f959382ccd5f858"
dependencies = [
 "darling_core",
 "darling_macro",
]

[[package]]
name = "darling_core"
version = "0.10.2"
source = "registry+https://github.com/rust-lang/crates.io-index"
checksum = "f0c960ae2da4de88a91b2d920c2a7233b400bc33cb28453a2987822d8392519b"
dependencies = [
 "fnv",
 "ident_case",
 "proc-macro2",
 "quote",
 "strsim",
 "syn",
]

[[package]]
name = "darling_macro"
version = "0.10.2"
source = "registry+https://github.com/rust-lang/crates.io-index"
checksum = "d9b5a2f4ac4969822c62224815d069952656cadc7084fdca9751e6d959189b72"
dependencies = [
 "darling_core",
 "quote",
 "syn",
]

[[package]]
name = "derive_builder"
version = "0.9.0"
source = "registry+https://github.com/rust-lang/crates.io-index"
checksum = "a2658621297f2cf68762a6f7dc0bb7e1ff2cfd6583daef8ee0fed6f7ec468ec0"
dependencies = [
 "darling",
 "derive_builder_core",
 "proc-macro2",
 "quote",
 "syn",
]

[[package]]
name = "derive_builder_core"
version = "0.9.0"
source = "registry+https://github.com/rust-lang/crates.io-index"
checksum = "2791ea3e372c8495c0bc2033991d76b512cd799d07491fbd6890124db9458bef"
dependencies = [
 "darling",
 "proc-macro2",
 "quote",
 "syn",
]

[[package]]
name = "doc-comment"
version = "0.3.3"
source = "registry+https://github.com/rust-lang/crates.io-index"
checksum = "fea41bba32d969b513997752735605054bc0dfa92b4c56bf1189f2e174be7a10"

[[package]]
name = "edgedb-protocol"
version = "0.1.0"
source = "git+https://github.com/edgedb/edgedb-rust#001766aaa4201c33b2d0a156d2492704b9d69ab6"
dependencies = [
 "bytes",
 "snafu",
 "uuid",
]

[[package]]
name = "edgemorph"
version = "0.1.0"
dependencies = [
 "derive_builder",
 "edgedb-protocol",
 "edgeql-parser",
]

[[package]]
name = "edgeql-parser"
version = "0.1.0"
source = "git+https://github.com/edgedb/edgedb#7f29af4c7c0629f2ff03c99a501ece0bc85c5d85"
dependencies = [
 "combine",
 "snafu",
 "twoway",
]

[[package]]
name = "fnv"
version = "1.0.7"
source = "registry+https://github.com/rust-lang/crates.io-index"
checksum = "3f9eec918d3f24069decb9af1554cad7c880e2da24a9afd88aca000531ab82c1"

[[package]]
name = "ident_case"
version = "1.0.1"
source = "registry+https://github.com/rust-lang/crates.io-index"
checksum = "b9e0384b61958566e926dc50660321d12159025e767c18e043daf26b70104c39"

[[package]]
name = "memchr"
version = "2.3.3"
source = "registry+https://github.com/rust-lang/crates.io-index"
checksum = "3728d817d99e5ac407411fa471ff9800a778d88a24685968b36824eaf4bee400"

[[package]]
name = "pin-project-lite"
version = "0.1.10"
source = "registry+https://github.com/rust-lang/crates.io-index"
checksum = "e555d9e657502182ac97b539fb3dae8b79cda19e3e4f8ffb5e8de4f18df93c95"

[[package]]
name = "proc-macro2"
version = "1.0.24"
source = "registry+https://github.com/rust-lang/crates.io-index"
checksum = "1e0704ee1a7e00d7bb417d0770ea303c1bccbabf0ef1667dae92b5967f5f8a71"
dependencies = [
 "unicode-xid",
]

[[package]]
name = "quote"
version = "1.0.7"
source = "registry+https://github.com/rust-lang/crates.io-index"
checksum = "aa563d17ecb180e500da1cfd2b028310ac758de548efdd203e18f283af693f37"
dependencies = [
 "proc-macro2",
]

[[package]]
name = "snafu"
version = "0.6.9"
source = "registry+https://github.com/rust-lang/crates.io-index"
checksum = "9c4e6046e4691afe918fd1b603fd6e515bcda5388a1092a9edbada307d159f09"
dependencies = [
 "doc-comment",
 "snafu-derive",
]

[[package]]
name = "snafu-derive"
version = "0.6.9"
source = "registry+https://github.com/rust-lang/crates.io-index"
checksum = "7073448732a89f2f3e6581989106067f403d378faeafb4a50812eb814170d3e5"
dependencies = [
 "proc-macro2",
 "quote",
 "syn",
]

[[package]]
name = "strsim"
version = "0.9.3"
source = "registry+https://github.com/rust-lang/crates.io-index"
checksum = "6446ced80d6c486436db5c078dde11a9f73d42b57fb273121e160b84f63d894c"

[[package]]
name = "syn"
version = "1.0.42"
source = "registry+https://github.com/rust-lang/crates.io-index"
checksum = "9c51d92969d209b54a98397e1b91c8ae82d8c87a7bb87df0b29aa2ad81454228"
dependencies = [
 "proc-macro2",
 "quote",
 "unicode-xid",
]

[[package]]
name = "twoway"
version = "0.2.1"
source = "registry+https://github.com/rust-lang/crates.io-index"
checksum = "6b40075910de3a912adbd80b5d8bad6ad10a23eeb1f5bf9d4006839e899ba5bc"
dependencies = [
 "memchr",
 "unchecked-index",
]

[[package]]
name = "unchecked-index"
version = "0.2.2"
source = "registry+https://github.com/rust-lang/crates.io-index"
checksum = "eeba86d422ce181a719445e51872fa30f1f7413b62becb52e95ec91aa262d85c"

[[package]]
name = "unicode-xid"
version = "0.2.1"
source = "registry+https://github.com/rust-lang/crates.io-index"
checksum = "f7fe0bb3479651439c9112f72b6c505038574c9fbb575ed1bf3b797fa39dd564"

[[package]]
name = "uuid"
version = "0.8.1"
source = "registry+https://github.com/rust-lang/crates.io-index"
checksum = "9fde2f6a4bea1d6e007c4ad38c6839fa71cbb63b6dbf5b595aa38dc9b1093c11"
